# This file is automatically @generated by Cargo.
# It is not intended for manual editing.
version = 4

[[package]]
name = "nexora-benchmark"
version = "0.0.1"
dependencies = [
 "nexora-entity",
 "nexora-ffi-probe",
 "nexora-foundation",
 "nexora-persistence",
 "nexora-physics",
 "nexora-runtime",
 "nexora-simulation",
 "nexora-streaming",
 "nexora-world",
]

[[package]]
name = "nexora-entity"
version = "0.0.1"
dependencies = [
 "nexora-foundation",
 "nexora-persistence",
 "nexora-runtime",
]

[[package]]
name = "nexora-ffi-probe"
version = "0.0.1"

[[package]]
name = "nexora-foundation"
version = "0.0.1"

[[package]]
name = "nexora-headless"
version = "0.0.1"
dependencies = [
 "nexora-foundation",
 "nexora-persistence",
 "nexora-physics",
 "nexora-runtime",
 "nexora-simulation",
 "nexora-streaming",
 "nexora-world",
]

[[package]]
name = "nexora-persistence"
version = "0.0.1"
dependencies = [
 "nexora-foundation",
]

[[package]]
name = "nexora-physics"
version = "0.0.1"
dependencies = [
 "nexora-foundation",
]

[[package]]
name = "nexora-runtime"
version = "0.0.1"
dependencies = [
 "nexora-foundation",
]

[[package]]
name = "nexora-simulation"
version = "0.0.1"
dependencies = [
 "nexora-foundation",
 "nexora-physics",
 "nexora-runtime",
 "nexora-streaming",
 "nexora-world",
]

[[package]]
name = "nexora-streaming"
version = "0.0.1"
dependencies = [
 "nexora-foundation",
]

[[package]]
name = "nexora-world"
version = "0.0.1"
dependencies = [
 "nexora-foundation",
 "nexora-persistence",
 "nexora-runtime",
]
